
Microsoft Visual Studio Solution File, Format Version 12.00
# Visual Studio 15
Project("{FAE04EC0-301F-11D3-BF4B-00C04F79EFBC}") = "Keaz", "Keaz\Keaz.csproj", "{CC2BD704-F0BF-48EA-85A8-B3CF60A0336D}"
EndProject
Project("{FAE04EC0-301F-11D3-BF4B-00C04F79EFBC}") = "Keaz.iOS", "Keaz.iOS\Keaz.iOS.csproj", "{76EB00AE-B9B3-4F74-BE16-C0E0CA92C660}"
EndProject
Global
	GlobalSection(SolutionConfigurationPlatforms) = preSolution
		Debug|Any CPU = Debug|Any CPU
		Release|Any CPU = Release|Any CPU
		Debug|iPhoneSimulator = Debug|iPhoneSimulator
		Release|iPhoneSimulator = Release|iPhoneSimulator
		Debug|iPhone = Debug|iPhone
		Release|iPhone = Release|iPhone
	EndGlobalSection
	GlobalSection(ProjectConfigurationPlatforms) = postSolution
		{CC2BD704-F0BF-48EA-85A8-B3CF60A0336D}.Debug|Any CPU.ActiveCfg = Debug|Any CPU
		{CC2BD704-F0BF-48EA-85A8-B3CF60A0336D}.Debug|Any CPU.Build.0 = Debug|Any CPU
		{CC2BD704-F0BF-48EA-85A8-B3CF60A0336D}.Release|Any CPU.ActiveCfg = Release|Any CPU
		{CC2BD704-F0BF-48EA-85A8-B3CF60A0336D}.Release|Any CPU.Build.0 = Release|Any CPU
		{CC2BD704-F0BF-48EA-85A8-B3CF60A0336D}.Debug|iPhoneSimulator.ActiveCfg = Debug|Any CPU
		{CC2BD704-F0BF-48EA-85A8-B3CF60A0336D}.Debug|iPhoneSimulator.Build.0 = Debug|Any CPU
		{CC2BD704-F0BF-48EA-85A8-B3CF60A0336D}.Release|iPhoneSimulator.ActiveCfg = Release|Any CPU
		{CC2BD704-F0BF-48EA-85A8-B3CF60A0336D}.Release|iPhoneSimulator.Build.0 = Release|Any CPU
		{CC2BD704-F0BF-48EA-85A8-B3CF60A0336D}.Debug|iPhone.ActiveCfg = Debug|Any CPU
		{CC2BD704-F0BF-48EA-85A8-B3CF60A0336D}.Debug|iPhone.Build.0 = Debug|Any CPU
		{CC2BD704-F0BF-48EA-85A8-B3CF60A0336D}.Release|iPhone.ActiveCfg = Release|Any CPU
		{CC2BD704-F0BF-48EA-85A8-B3CF60A0336D}.Release|iPhone.Build.0 = Release|Any CPU
		{76EB00AE-B9B3-4F74-BE16-C0E0CA92C660}.Debug|Any CPU.ActiveCfg = Debug|iPhoneSimulator
		{76EB00AE-B9B3-4F74-BE16-C0E0CA92C660}.Debug|Any CPU.Build.0 = Debug|iPhoneSimulator
		{76EB00AE-B9B3-4F74-BE16-C0E0CA92C660}.Release|Any CPU.ActiveCfg = Release|iPhoneSimulator
		{76EB00AE-B9B3-4F74-BE16-C0E0CA92C660}.Release|Any CPU.Build.0 = Release|iPhoneSimulator
		{76EB00AE-B9B3-4F74-BE16-C0E0CA92C660}.Debug|iPhoneSimulator.ActiveCfg = Debug|iPhoneSimulator
		{76EB00AE-B9B3-4F74-BE16-C0E0CA92C660}.Debug|iPhoneSimulator.Build.0 = Debug|iPhoneSimulator
		{76EB00AE-B9B3-4F74-BE16-C0E0CA92C660}.Release|iPhoneSimulator.ActiveCfg = Release|iPhoneSimulator
		{76EB00AE-B9B3-4F74-BE16-C0E0CA92C660}.Release|iPhoneSimulator.Build.0 = Release|iPhoneSimulator
		{76EB00AE-B9B3-4F74-BE16-C0E0CA92C660}.Debug|iPhone.ActiveCfg = Debug|iPhone
		{76EB00AE-B9B3-4F74-BE16-C0E0CA92C660}.Debug|iPhone.Build.0 = Debug|iPhone
		{76EB00AE-B9B3-4F74-BE16-C0E0CA92C660}.Release|iPhone.ActiveCfg = Release|iPhone
		{76EB00AE-B9B3-4F74-BE16-C0E0CA92C660}.Release|iPhone.Build.0 = Release|iPhone
	EndGlobalSection
EndGlobal
